
Microsoft Visual Studio Solution File, Format Version 12.00
# Visual Studio 15
VisualStudioVersion = 15.0.28307.539
MinimumVisualStudioVersion = 10.0.40219.1
Project("{FAE04EC0-301F-11D3-BF4B-00C04F79EFBC}") = "Divinus.Domain", "Divinus.Domain\Divinus.Domain.csproj", "{5A92263A-C46B-406F-8050-BDAE84501EDD}"
EndProject
Global
	GlobalSection(SolutionConfigurationPlatforms) = preSolution
		Debug|Any CPU = Debug|Any CPU
		Release|Any CPU = Release|Any CPU
	EndGlobalSection
	GlobalSection(ProjectConfigurationPlatforms) = postSolution
		{5A92263A-C46B-406F-8050-BDAE84501EDD}.Debug|Any CPU.ActiveCfg = Debug|Any CPU
		{5A92263A-C46B-406F-8050-BDAE84501EDD}.Debug|Any CPU.Build.0 = Debug|Any CPU
		{5A92263A-C46B-406F-8050-BDAE84501EDD}.Release|Any CPU.ActiveCfg = Release|Any CPU
		{5A92263A-C46B-406F-8050-BDAE84501EDD}.Release|Any CPU.Build.0 = Release|Any CPU
	EndGlobalSection
	GlobalSection(SolutionProperties) = preSolution
		HideSolutionNode = FALSE
	EndGlobalSection
	GlobalSection(ExtensibilityGlobals) = postSolution
		SolutionGuid = {05AB8CA0-78ED-42BF-958E-6589823281E4}
	EndGlobalSection
EndGlobal
