
Microsoft Visual Studio Solution File, Format Version 12.00
# Visual Studio 15
VisualStudioVersion = 15.0.28307.539
MinimumVisualStudioVersion = 10.0.40219.1
Project("{FAE04EC0-301F-11D3-BF4B-00C04F79EFBC}") = "Divinus.Domain", "Divinus.Domain\Divinus.Domain.csproj", "{5A92263A-C46B-406F-8050-BDAE84501EDD}"
EndProject
Project("{FAE04EC0-301F-11D3-BF4B-00C04F79EFBC}") = "Divinus.Infra", "Divinus.Infra\Divinus.Infra.csproj", "{1A17B437-57D3-404C-A699-3676C7660A53}"
EndProject
Project("{FAE04EC0-301F-11D3-BF4B-00C04F79EFBC}") = "Divinus.IoC", "Divinus.IoC\Divinus.IoC.csproj", "{AF87B2EF-DEF4-4913-87AB-07DCAACD648D}"
EndProject
Project("{FAE04EC0-301F-11D3-BF4B-00C04F79EFBC}") = "Divinus.Api", "Divinus.Api\Divinus.Api.csproj", "{815BF647-987A-4B57-A7B1-5F3E09E4018C}"
EndProject
Global
	GlobalSection(SolutionConfigurationPlatforms) = preSolution
		Debug|Any CPU = Debug|Any CPU
		Release|Any CPU = Release|Any CPU
	EndGlobalSection
	GlobalSection(ProjectConfigurationPlatforms) = postSolution
		{5A92263A-C46B-406F-8050-BDAE84501EDD}.Debug|Any CPU.ActiveCfg = Debug|Any CPU
		{5A92263A-C46B-406F-8050-BDAE84501EDD}.Debug|Any CPU.Build.0 = Debug|Any CPU
		{5A92263A-C46B-406F-8050-BDAE84501EDD}.Release|Any CPU.ActiveCfg = Release|Any CPU
		{5A92263A-C46B-406F-8050-BDAE84501EDD}.Release|Any CPU.Build.0 = Release|Any CPU
		{1A17B437-57D3-404C-A699-3676C7660A53}.Debug|Any CPU.ActiveCfg = Debug|Any CPU
		{1A17B437-57D3-404C-A699-3676C7660A53}.Debug|Any CPU.Build.0 = Debug|Any CPU
		{1A17B437-57D3-404C-A699-3676C7660A53}.Release|Any CPU.ActiveCfg = Release|Any CPU
		{1A17B437-57D3-404C-A699-3676C7660A53}.Release|Any CPU.Build.0 = Release|Any CPU
		{AF87B2EF-DEF4-4913-87AB-07DCAACD648D}.Debug|Any CPU.ActiveCfg = Debug|Any CPU
		{AF87B2EF-DEF4-4913-87AB-07DCAACD648D}.Debug|Any CPU.Build.0 = Debug|Any CPU
		{AF87B2EF-DEF4-4913-87AB-07DCAACD648D}.Release|Any CPU.ActiveCfg = Release|Any CPU
		{AF87B2EF-DEF4-4913-87AB-07DCAACD648D}.Release|Any CPU.Build.0 = Release|Any CPU
		{815BF647-987A-4B57-A7B1-5F3E09E4018C}.Debug|Any CPU.ActiveCfg = Debug|Any CPU
		{815BF647-987A-4B57-A7B1-5F3E09E4018C}.Debug|Any CPU.Build.0 = Debug|Any CPU
		{815BF647-987A-4B57-A7B1-5F3E09E4018C}.Release|Any CPU.ActiveCfg = Release|Any CPU
		{815BF647-987A-4B57-A7B1-5F3E09E4018C}.Release|Any CPU.Build.0 = Release|Any CPU
	EndGlobalSection
	GlobalSection(SolutionProperties) = preSolution
		HideSolutionNode = FALSE
	EndGlobalSection
	GlobalSection(ExtensibilityGlobals) = postSolution
		SolutionGuid = {05AB8CA0-78ED-42BF-958E-6589823281E4}
	EndGlobalSection
EndGlobal
